
Microsoft Visual Studio Solution File, Format Version 12.00
# Visual Studio 15
VisualStudioVersion = 15.0.27004.2010
MinimumVisualStudioVersion = 10.0.40219.1
Project("{FAE04EC0-301F-11D3-BF4B-00C04F79EFBC}") = "DienChanCRM", "DienChanCRM\DienChanCRM.csproj", "{62EC97A4-80D3-49B7-8E8B-FD1C2E1A1D32}"
EndProject
Project("{FAE04EC0-301F-11D3-BF4B-00C04F79EFBC}") = "ExportPDFTest", "ExportPDFTest\ExportPDFTest.csproj", "{AED03DED-1306-48EA-BC0A-E3BAC1389AFE}"
EndProject
Project("{FAE04EC0-301F-11D3-BF4B-00C04F79EFBC}") = "DienChanAPI", "DienChanAPI\DienChanAPI.csproj", "{8920C890-3855-41B5-8069-FA4CCEA4CAFF}"
EndProject
Project("{FAE04EC0-301F-11D3-BF4B-00C04F79EFBC}") = "DienChan.Entities", "DienChan.Entities\DienChan.Entities.csproj", "{4EE29DA6-D066-4D72-9C33-D53A5C2A088F}"
EndProject
Project("{FAE04EC0-301F-11D3-BF4B-00C04F79EFBC}") = "DienChan.DataAccess", "DienChan.DataAccess\DienChan.DataAccess.csproj", "{E40D2706-3AF9-4925-8ACB-5C9B0D573E3F}"
EndProject
Project("{FAE04EC0-301F-11D3-BF4B-00C04F79EFBC}") = "DienChan.Logic", "DienChan.Logic\DienChan.Logic.csproj", "{897D5881-F309-471E-A72B-9848122BF83B}"
EndProject
Project("{FAE04EC0-301F-11D3-BF4B-00C04F79EFBC}") = "DienChanAPI.Test", "DienChanAPI.Test\DienChanAPI.Test.csproj", "{04F16C95-824F-4B95-991F-61AB475E4D83}"
EndProject
Project("{FAE04EC0-301F-11D3-BF4B-00C04F79EFBC}") = "DienChanOnline", "..\DienChanOnline\DienChanOnline\DienChanOnline.csproj", "{0868F731-3F6F-42BF-9659-4B76058FABDD}"
EndProject
Global
	GlobalSection(SolutionConfigurationPlatforms) = preSolution
		Debug|Any CPU = Debug|Any CPU
		Release|Any CPU = Release|Any CPU
	EndGlobalSection
	GlobalSection(ProjectConfigurationPlatforms) = postSolution
		{62EC97A4-80D3-49B7-8E8B-FD1C2E1A1D32}.Debug|Any CPU.ActiveCfg = Debug|Any CPU
		{62EC97A4-80D3-49B7-8E8B-FD1C2E1A1D32}.Debug|Any CPU.Build.0 = Debug|Any CPU
		{62EC97A4-80D3-49B7-8E8B-FD1C2E1A1D32}.Release|Any CPU.ActiveCfg = Release|Any CPU
		{62EC97A4-80D3-49B7-8E8B-FD1C2E1A1D32}.Release|Any CPU.Build.0 = Release|Any CPU
		{AED03DED-1306-48EA-BC0A-E3BAC1389AFE}.Debug|Any CPU.ActiveCfg = Debug|Any CPU
		{AED03DED-1306-48EA-BC0A-E3BAC1389AFE}.Debug|Any CPU.Build.0 = Debug|Any CPU
		{AED03DED-1306-48EA-BC0A-E3BAC1389AFE}.Release|Any CPU.ActiveCfg = Release|Any CPU
		{AED03DED-1306-48EA-BC0A-E3BAC1389AFE}.Release|Any CPU.Build.0 = Release|Any CPU
		{8920C890-3855-41B5-8069-FA4CCEA4CAFF}.Debug|Any CPU.ActiveCfg = Debug|Any CPU
		{8920C890-3855-41B5-8069-FA4CCEA4CAFF}.Debug|Any CPU.Build.0 = Debug|Any CPU
		{8920C890-3855-41B5-8069-FA4CCEA4CAFF}.Release|Any CPU.ActiveCfg = Release|Any CPU
		{8920C890-3855-41B5-8069-FA4CCEA4CAFF}.Release|Any CPU.Build.0 = Release|Any CPU
		{4EE29DA6-D066-4D72-9C33-D53A5C2A088F}.Debug|Any CPU.ActiveCfg = Debug|Any CPU
		{4EE29DA6-D066-4D72-9C33-D53A5C2A088F}.Debug|Any CPU.Build.0 = Debug|Any CPU
		{4EE29DA6-D066-4D72-9C33-D53A5C2A088F}.Release|Any CPU.ActiveCfg = Release|Any CPU
		{4EE29DA6-D066-4D72-9C33-D53A5C2A088F}.Release|Any CPU.Build.0 = Release|Any CPU
		{E40D2706-3AF9-4925-8ACB-5C9B0D573E3F}.Debug|Any CPU.ActiveCfg = Debug|Any CPU
		{E40D2706-3AF9-4925-8ACB-5C9B0D573E3F}.Debug|Any CPU.Build.0 = Debug|Any CPU
		{E40D2706-3AF9-4925-8ACB-5C9B0D573E3F}.Release|Any CPU.ActiveCfg = Release|Any CPU
		{E40D2706-3AF9-4925-8ACB-5C9B0D573E3F}.Release|Any CPU.Build.0 = Release|Any CPU
		{897D5881-F309-471E-A72B-9848122BF83B}.Debug|Any CPU.ActiveCfg = Debug|Any CPU
		{897D5881-F309-471E-A72B-9848122BF83B}.Debug|Any CPU.Build.0 = Debug|Any CPU
		{897D5881-F309-471E-A72B-9848122BF83B}.Release|Any CPU.ActiveCfg = Release|Any CPU
		{897D5881-F309-471E-A72B-9848122BF83B}.Release|Any CPU.Build.0 = Release|Any CPU
		{04F16C95-824F-4B95-991F-61AB475E4D83}.Debug|Any CPU.ActiveCfg = Debug|Any CPU
		{04F16C95-824F-4B95-991F-61AB475E4D83}.Debug|Any CPU.Build.0 = Debug|Any CPU
		{04F16C95-824F-4B95-991F-61AB475E4D83}.Release|Any CPU.ActiveCfg = Release|Any CPU
		{04F16C95-824F-4B95-991F-61AB475E4D83}.Release|Any CPU.Build.0 = Release|Any CPU
		{0868F731-3F6F-42BF-9659-4B76058FABDD}.Debug|Any CPU.ActiveCfg = Debug|Any CPU
		{0868F731-3F6F-42BF-9659-4B76058FABDD}.Debug|Any CPU.Build.0 = Debug|Any CPU
		{0868F731-3F6F-42BF-9659-4B76058FABDD}.Release|Any CPU.ActiveCfg = Release|Any CPU
		{0868F731-3F6F-42BF-9659-4B76058FABDD}.Release|Any CPU.Build.0 = Release|Any CPU
	EndGlobalSection
	GlobalSection(SolutionProperties) = preSolution
		HideSolutionNode = FALSE
	EndGlobalSection
	GlobalSection(ExtensibilityGlobals) = postSolution
		SolutionGuid = {B5AF4643-4D12-48E2-A40D-674DBB7A6C51}
	EndGlobalSection
EndGlobal
